
Microsoft Visual Studio Solution File, Format Version 12.00
# Visual Studio Version 17
VisualStudioVersion = 17.0.31903.59
MinimumVisualStudioVersion = 10.0.40219.1
Project("{FAE04EC0-301F-11D3-BF4B-00C04F79EFBC}") = "MyMovieShop", "MyMovieShop\MyMovieShop.csproj", "{8403C3AC-F1DD-4E37-91E8-D04277C21210}"
EndProject
Project("{FAE04EC0-301F-11D3-BF4B-00C04F79EFBC}") = "Core", "Core\Core.csproj", "{79DB5197-2153-4C15-9038-DA1EDB094895}"
EndProject
Project("{FAE04EC0-301F-11D3-BF4B-00C04F79EFBC}") = "Infrastructure", "Infrastructure\Infrastructure.csproj", "{59222B02-A4FF-45D4-A138-8A112526DCC0}"
EndProject
Global
	GlobalSection(SolutionConfigurationPlatforms) = preSolution
		Debug|Any CPU = Debug|Any CPU
		Release|Any CPU = Release|Any CPU
	EndGlobalSection
	GlobalSection(SolutionProperties) = preSolution
		HideSolutionNode = FALSE
	EndGlobalSection
	GlobalSection(ProjectConfigurationPlatforms) = postSolution
		{8403C3AC-F1DD-4E37-91E8-D04277C21210}.Debug|Any CPU.ActiveCfg = Debug|Any CPU
		{8403C3AC-F1DD-4E37-91E8-D04277C21210}.Debug|Any CPU.Build.0 = Debug|Any CPU
		{8403C3AC-F1DD-4E37-91E8-D04277C21210}.Release|Any CPU.ActiveCfg = Release|Any CPU
		{8403C3AC-F1DD-4E37-91E8-D04277C21210}.Release|Any CPU.Build.0 = Release|Any CPU
		{79DB5197-2153-4C15-9038-DA1EDB094895}.Debug|Any CPU.ActiveCfg = Debug|Any CPU
		{79DB5197-2153-4C15-9038-DA1EDB094895}.Debug|Any CPU.Build.0 = Debug|Any CPU
		{79DB5197-2153-4C15-9038-DA1EDB094895}.Release|Any CPU.ActiveCfg = Release|Any CPU
		{79DB5197-2153-4C15-9038-DA1EDB094895}.Release|Any CPU.Build.0 = Release|Any CPU
		{59222B02-A4FF-45D4-A138-8A112526DCC0}.Debug|Any CPU.ActiveCfg = Debug|Any CPU
		{59222B02-A4FF-45D4-A138-8A112526DCC0}.Debug|Any CPU.Build.0 = Debug|Any CPU
		{59222B02-A4FF-45D4-A138-8A112526DCC0}.Release|Any CPU.ActiveCfg = Release|Any CPU
		{59222B02-A4FF-45D4-A138-8A112526DCC0}.Release|Any CPU.Build.0 = Release|Any CPU
	EndGlobalSection
EndGlobal
